
Microsoft Visual Studio Solution File, Format Version 12.00
# Visual Studio Version 17
VisualStudioVersion = 17.5.33516.290
MinimumVisualStudioVersion = 10.0.40219.1
Project("{778DAE3C-4631-46EA-AA77-85C1314464D9}") = "App_Solidworks", "App_Solidworks.vbproj", "{92BC5685-3D4A-4A5E-AA52-7E46E8DB7D7C}"
EndProject
Global
	GlobalSection(SolutionConfigurationPlatforms) = preSolution
		Debug|Any CPU = Debug|Any CPU
		Release|Any CPU = Release|Any CPU
	EndGlobalSection
	GlobalSection(ProjectConfigurationPlatforms) = postSolution
		{92BC5685-3D4A-4A5E-AA52-7E46E8DB7D7C}.Debug|Any CPU.ActiveCfg = Debug|Any CPU
		{92BC5685-3D4A-4A5E-AA52-7E46E8DB7D7C}.Debug|Any CPU.Build.0 = Debug|Any CPU
		{92BC5685-3D4A-4A5E-AA52-7E46E8DB7D7C}.Release|Any CPU.ActiveCfg = Release|Any CPU
		{92BC5685-3D4A-4A5E-AA52-7E46E8DB7D7C}.Release|Any CPU.Build.0 = Release|Any CPU
	EndGlobalSection
	GlobalSection(SolutionProperties) = preSolution
		HideSolutionNode = FALSE
	EndGlobalSection
	GlobalSection(ExtensibilityGlobals) = postSolution
		SolutionGuid = {E3D2EA18-683C-4443-AD74-1818A6A8C6BC}
	EndGlobalSection
EndGlobal
